github.com/motemen/go-loghttp v0.0.0-20170804080138-974ac5ceac27 h1:uAI3rnOT1OSSY4PUtI/M1orb3q0ewkovwd3wr8xSno4=
github.com/motemen/go-loghttp v0.0.0-20170804080138-974ac5ceac27/go.mod h1:6eu9CfGt5kfrMVgeu9MfB9PRUnpc47I+udLswiTszI8=
github.com/motemen/go-nuts v0.0.0-20190725124253-1d2432db96b0 h1:CnSVrlMNAZMWI1+uH6ldpXRv2pe7t50IQX448EJrJhw=
github.com/motemen/go-nuts v0.0.0-20190725124253-1d2432db96b0/go.mod h1:vfh/NPxHgDwggXit20W1llPsXcz39xJ7I8vo7kVrOCk=
