github.com/google/uuid v1.1.1 h1:Gkbcsh/GbpXz7lPftLA3P6TYMwjCLYm83jiFQZF/3gY=
github.com/google/uuid v1.1.1/go.mod h1:TIyPZe4MgqvfeYDBFedMoGGpEw/LqOeaOT+nhxU+yHo=
github.com/gorilla/websocket v1.4.2 h1:+/TMaTYc4QFitKJxsQ7Yye35DkWvkdLcvGKqM+x0Ufc=
github.com/gorilla/websocket v1.4.2/go.mod h1:YR8l580nyteQvAITg2hZ9XVh4b55+EU/adAjf1fMHhE=
github.com/motemen/go-loghttp v0.0.0-20170804080138-974ac5ceac27 h1:uAI3rnOT1OSSY4PUtI/M1orb3q0ewkovwd3wr8xSno4=
github.com/motemen/go-loghttp v0.0.0-20170804080138-974ac5ceac27/go.mod h1:6eu9CfGt5kfrMVgeu9MfB9PRUnpc47I+udLswiTszI8=
github.com/motemen/go-nuts v0.0.0-20190725124253-1d2432db96b0 h1:CnSVrlMNAZMWI1+uH6ldpXRv2pe7t50IQX448EJrJhw=
github.com/motemen/go-nuts v0.0.0-20190725124253-1d2432db96b0/go.mod h1:vfh/NPxHgDwggXit20W1llPsXcz39xJ7I8vo7kVrOCk=
github.com/rs/cors v1.7.0 h1:+88SsELBHx5r+hZ8TCkggzSstaWNbDvThkVK8H6f9ik=
github.com/rs/cors v1.7.0/go.mod h1:gFx+x8UowdsKA9AchylcLynDq+nNFfI8FkUZdN/jGCU=
